<?xml version="1.0" encoding="utf-8"?>
<Project ToolsVersion="4.0" xmlns="http://schemas.microsoft.com/developer/msbuild/2003">
  <ItemGroup>
    <Filter Include="소스 파일">
      <UniqueIdentifier>{4FC737F1-C7A5-4376-A066-2A32D752A2FF}</UniqueIdentifier>
      <Extensions>cpp;c;cc;cxx;c++;cppm;ixx;def;odl;idl;hpj;bat;asm;asmx</Extensions>
    </Filter>
    <Filter Include="헤더 파일">
      <UniqueIdentifier>{93995380-89BD-4b04-88EB-625FBE52EBFB}</UniqueIdentifier>
      <Extensions>h;hh;hpp;hxx;h++;hm;inl;inc;ipp;xsd</Extensions>
    </Filter>
    <Filter Include="리소스 파일">
      <UniqueIdentifier>{67DA6AB6-F800-4c08-8B7A-83BB121AAD01}</UniqueIdentifier>
      <Extensions>rc;ico;cur;bmp;dlg;rc2;rct;bin;rgs;gif;jpg;jpeg;jpe;resx;tiff;tif;png;wav;mfcribbon-ms</Extensions>
    </Filter>
    <Filter Include="헤더 파일\Components">
      <UniqueIdentifier>{ad60c78c-5b7a-4249-8f04-2dba52d4e2d8}</UniqueIdentifier>
    </Filter>
    <Filter Include="헤더 파일\Rendering">
      <UniqueIdentifier>{e9008882-a0a4-49f4-9366-926bfce954a4}</UniqueIdentifier>
    </Filter>
    <Filter Include="헤더 파일\Core">
      <UniqueIdentifier>{1ec4e412-dd0b-4b2b-a25e-ed48f0bb555f}</UniqueIdentifier>
    </Filter>
    <Filter Include="헤더 파일\Game">
      <UniqueIdentifier>{bc3bc5a7-78be-4410-8f00-e0d83641ffb6}</UniqueIdentifier>
    </Filter>
  </ItemGroup>
  <ItemGroup>
    <ClInclude Include="Components\AIComponent.hpp">
      <Filter>헤더 파일\Components</Filter>
    </ClInclude>
    <ClInclude Include="Components\FastAIComponent.hpp">
      <Filter>헤더 파일\Components</Filter>
    </ClInclude>
    <ClInclude Include="Components\GuidedAIComponent.hpp">
      <Filter>헤더 파일\Components</Filter>
    </ClInclude>
    <ClInclude Include="Components\ObstacleSpawnerComponent.hpp">
      <Filter>헤더 파일\Components</Filter>
    </ClInclude>
    <ClInclude Include="Components\ObstacleStatusComponent.hpp">
      <Filter>헤더 파일\Components</Filter>
    </ClInclude>
    <ClInclude Include="Components\PlayerControllerComponent.hpp">
      <Filter>헤더 파일\Components</Filter>
    </ClInclude>
    <ClInclude Include="Components\PlayerStatusComponent.hpp">
      <Filter>헤더 파일\Components</Filter>
    </ClInclude>
    <ClInclude Include="Components\StarItemComponent.hpp">
      <Filter>헤더 파일\Components</Filter>
    </ClInclude>
    <ClInclude Include="Components\NormalAIComponent.hpp">
      <Filter>헤더 파일\Components</Filter>
    </ClInclude>
    <ClInclude Include="Rendering\PlayerBlinkRenderer.hpp">
      <Filter>헤더 파일\Components</Filter>
    </ClInclude>
    <ClInclude Include="Components\FocusHitboxRenderer.hpp">
      <Filter>헤더 파일\Components</Filter>
    </ClInclude>
    <ClInclude Include="Components\MeshRenderer.hpp">
      <Filter>헤더 파일\Components</Filter>
    </ClInclude>
    <ClInclude Include="Rendering\GraphicsContext.hpp">
      <Filter>헤더 파일\Rendering</Filter>
    </ClInclude>
    <ClInclude Include="Rendering\Material.hpp">
      <Filter>헤더 파일\Rendering</Filter>
    </ClInclude>
    <ClInclude Include="Rendering\Mesh.hpp">
      <Filter>헤더 파일\Rendering</Filter>
    </ClInclude>
    <ClInclude Include="Rendering\PrimitiveMesh.hpp">
      <Filter>헤더 파일\Rendering</Filter>
    </ClInclude>
    <ClInclude Include="Rendering\PrimitiveMeshBuilder.hpp">
      <Filter>헤더 파일\Rendering</Filter>
    </ClInclude>
    <ClInclude Include="Rendering\PrimitiveRenderer.hpp">
      <Filter>헤더 파일\Rendering</Filter>
    </ClInclude>
    <ClInclude Include="Rendering\Renderer.hpp">
      <Filter>헤더 파일\Rendering</Filter>
    </ClInclude>
    <ClInclude Include="Rendering\ShaderTypes.hpp">
      <Filter>헤더 파일\Rendering</Filter>
    </ClInclude>
    <ClInclude Include="Rendering\TextRenderer.hpp">
      <Filter>헤더 파일\Rendering</Filter>
    </ClInclude>
    <ClInclude Include="Core\Component.hpp">
      <Filter>헤더 파일\Core</Filter>
    </ClInclude>
    <ClInclude Include="Core\GameConstants.hpp">
      <Filter>헤더 파일\Core</Filter>
    </ClInclude>
    <ClInclude Include="Core\GameLoop.hpp">
      <Filter>헤더 파일\Core</Filter>
    </ClInclude>
    <ClInclude Include="Core\GameObject.hpp">
      <Filter>헤더 파일\Core</Filter>
    </ClInclude>
    <ClInclude Include="Core\GameWorld.hpp">
      <Filter>헤더 파일\Core</Filter>
    </ClInclude>
    <ClInclude Include="Core\InputManager.hpp">
      <Filter>헤더 파일\Core</Filter>
    </ClInclude>
    <ClInclude Include="Core\MathUtils.hpp">
      <Filter>헤더 파일\Core</Filter>
    </ClInclude>
    <ClInclude Include="Core\MathTypes.hpp">
      <Filter>헤더 파일\Core</Filter>
    </ClInclude>
    <ClInclude Include="Core\Timer.hpp">
      <Filter>헤더 파일\Core</Filter>
    </ClInclude>
    <ClInclude Include="Core\WindowContext.hpp">
      <Filter>헤더 파일\Core</Filter>
    </ClInclude>
    <ClInclude Include="Game\BossManager.hpp">
      <Filter>헤더 파일\Game</Filter>
    </ClInclude>
    <ClInclude Include="Game\GameConfig.hpp">
      <Filter>헤더 파일\Game</Filter>
    </ClInclude>
    <ClInclude Include="Game\GameEnums.hpp">
      <Filter>헤더 파일\Game</Filter>
    </ClInclude>
    <ClInclude Include="Game\GameManager.hpp">
      <Filter>헤더 파일\Game</Filter>
    </ClInclude>
    <ClInclude Include="Game\GameRenderResources.hpp">
      <Filter>헤더 파일\Game</Filter>
    </ClInclude>
    <ClInclude Include="Game\ObjectPool.hpp">
      <Filter>헤더 파일\Game</Filter>
    </ClInclude>
    <ClInclude Include="Game\ObstacleData.hpp">
      <Filter>헤더 파일\Game</Filter>
    </ClInclude>
    <ClInclude Include="Game\PrefabFactory.hpp">
      <Filter>헤더 파일\Game</Filter>
    </ClInclude>
    <ClInclude Include="Game\ScoreManager.hpp">
      <Filter>헤더 파일\Game</Filter>
    </ClInclude>
  </ItemGroup>
  <ItemGroup>
    <ClCompile Include="Core\GameLoop.cpp">
      <Filter>소스 파일</Filter>
    </ClCompile>
    <ClCompile Include="Core\WindowContext.cpp">
      <Filter>소스 파일</Filter>
    </ClCompile>
    <ClCompile Include="Game\GameManager.cpp">
      <Filter>소스 파일</Filter>
    </ClCompile>
    <ClCompile Include="Rendering\GraphicsContext.cpp">
      <Filter>소스 파일</Filter>
    </ClCompile>
    <ClCompile Include="Rendering\PrimitiveRenderer.cpp">
      <Filter>소스 파일</Filter>
    </ClCompile>
    <ClCompile Include="Rendering\Renderer.cpp">
      <Filter>소스 파일</Filter>
    </ClCompile>
    <ClCompile Include="Rendering\TextRenderer.cpp">
      <Filter>소스 파일</Filter>
    </ClCompile>
    <ClCompile Include="main.cpp">
      <Filter>소스 파일</Filter>
    </ClCompile>
  </ItemGroup>
  <ItemGroup>
    <FxCompile Include="ps.hlsl" />
    <FxCompile Include="vs.hlsl" />
  </ItemGroup>
  <ItemGroup>
    <None Include="struct.hlsli" />
  </ItemGroup>
</Project>